<?xml version="1.0" encoding="utf-8"?>
<Project ToolsVersion="4.0" xmlns="http://schemas.microsoft.com/developer/msbuild/2003">
  <ItemGroup>
    <Filter Include="Source Files">
      <UniqueIdentifier>{4FC737F1-C7A5-4376-A066-2A32D752A2FF}</UniqueIdentifier>
      <Extensions>cpp;c;cc;cxx;c++;cppm;ixx;def;odl;idl;hpj;bat;asm;asmx</Extensions>
    </Filter>
    <Filter Include="Header Files">
      <UniqueIdentifier>{93995380-89BD-4b04-88EB-625FBE52EBFB}</UniqueIdentifier>
      <Extensions>h;hh;hpp;hxx;h++;hm;inl;inc;ipp;xsd</Extensions>
    </Filter>
    <Filter Include="Resource Files">
      <UniqueIdentifier>{67DA6AB6-F800-4c08-8B7A-83BB121AAD01}</UniqueIdentifier>
      <Extensions>rc;ico;cur;bmp;dlg;rc2;rct;bin;rgs;gif;jpg;jpeg;jpe;resx;tiff;tif;png;wav;mfcribbon-ms</Extensions>
    </Filter>
    <Filter Include="Source Files\winning">
      <UniqueIdentifier>{97b511e7-c384-45dd-951f-e0ec7fe38898}</UniqueIdentifier>
    </Filter>
    <Filter Include="Source Files\conio">
      <UniqueIdentifier>{82d147a5-8ca0-4a2a-bd6d-98a57db6855c}</UniqueIdentifier>
    </Filter>
    <Filter Include="Source Files\move">
      <UniqueIdentifier>{d1923275-a1e2-4c98-9c23-f23ddec1cb29}</UniqueIdentifier>
    </Filter>
    <Filter Include="Source Files\board">
      <UniqueIdentifier>{1f7342ad-9851-4281-a96b-9b0e59adea31}</UniqueIdentifier>
    </Filter>
    <Filter Include="Source Files\play_game">
      <UniqueIdentifier>{37354dfc-3f38-4689-af44-ff018bab17e8}</UniqueIdentifier>
    </Filter>
    <Filter Include="Source Files\interface">
      <UniqueIdentifier>{b65c910f-d4ec-4a33-b2bc-bf4f26c33860}</UniqueIdentifier>
    </Filter>
    <Filter Include="Source Files\random_numbers">
      <UniqueIdentifier>{05a82a8e-e96f-4f63-a3b7-cec6a1a5cbd7}</UniqueIdentifier>
    </Filter>
    <Filter Include="Source Files\write_to_file">
      <UniqueIdentifier>{e03a5f2e-ee82-4929-b868-0312b47cb117}</UniqueIdentifier>
    </Filter>
    <Filter Include="Source Files\players_database">
      <UniqueIdentifier>{a70abe8c-4781-4e04-82e0-6e9e53450054}</UniqueIdentifier>
    </Filter>
    <Filter Include="Source Files\load_game_from_file">
      <UniqueIdentifier>{6d74c9a8-27e2-412c-a2d9-5677a9e962f7}</UniqueIdentifier>
    </Filter>
    <Filter Include="Source Files\AI">
      <UniqueIdentifier>{c62045d5-1808-484a-8cfb-5eaf77ac9b1a}</UniqueIdentifier>
    </Filter>
    <Filter Include="Source Files\visualize_game">
      <UniqueIdentifier>{9776357b-3981-4729-91d7-97c8606e23bb}</UniqueIdentifier>
    </Filter>
  </ItemGroup>
  <ItemGroup>
    <ClCompile Include="main.cpp">
      <Filter>Source Files</Filter>
    </ClCompile>
    <ClCompile Include="check_all_pawns_in_home.cpp">
      <Filter>Source Files\winning</Filter>
    </ClCompile>
    <ClCompile Include="conio.cpp">
      <Filter>Source Files\conio</Filter>
    </ClCompile>
    <ClCompile Include="grab_drop_pawn.cpp">
      <Filter>Source Files\move</Filter>
    </ClCompile>
    <ClCompile Include="initialize_columns.cpp">
      <Filter>Source Files\board</Filter>
    </ClCompile>
    <ClCompile Include="start_game.cpp">
      <Filter>Source Files\play_game</Filter>
    </ClCompile>
    <ClCompile Include="initialize_pawns.cpp">
      <Filter>Source Files\board</Filter>
    </ClCompile>
    <ClCompile Include="initialize_table.cpp">
      <Filter>Source Files\board</Filter>
    </ClCompile>
    <ClCompile Include="insert_pawn.cpp">
      <Filter>Source Files\move</Filter>
    </ClCompile>
    <ClCompile Include="move.cpp">
      <Filter>Source Files\move</Filter>
    </ClCompile>
    <ClCompile Include="play.cpp">
      <Filter>Source Files\play_game</Filter>
    </ClCompile>
    <ClCompile Include="player_interface.cpp">
      <Filter>Source Files\interface</Filter>
    </ClCompile>
    <ClCompile Include="initialize_bar.cpp">
      <Filter>Source Files\board</Filter>
    </ClCompile>
    <ClCompile Include="print_pawns.cpp">
      <Filter>Source Files\board</Filter>
    </ClCompile>
    <ClCompile Include="print_table.cpp">
      <Filter>Source Files\board</Filter>
    </ClCompile>
    <ClCompile Include="random_numbers.cpp">
      <Filter>Source Files\random_numbers</Filter>
    </ClCompile>
    <ClCompile Include="top_interface.cpp">
      <Filter>Source Files\interface</Filter>
    </ClCompile>
    <ClCompile Include="who_start_interface.cpp">
      <Filter>Source Files\interface</Filter>
    </ClCompile>
    <ClCompile Include="write_to_file_visually.cpp">
      <Filter>Source Files\write_to_file</Filter>
    </ClCompile>
    <ClCompile Include="options_interface.cpp">
      <Filter>Source Files\interface</Filter>
    </ClCompile>
    <ClCompile Include="update_bar.cpp">
      <Filter>Source Files\move</Filter>
    </ClCompile>
    <ClCompile Include="removed_pawns_interface.cpp">
      <Filter>Source Files\interface</Filter>
    </ClCompile>
    <ClCompile Include="take_pawn_of_the_board.cpp">
      <Filter>Source Files\move</Filter>
    </ClCompile>
    <ClCompile Include="check_if_player_won.cpp">
      <Filter>Source Files\winning</Filter>
    </ClCompile>
    <ClCompile Include="print_player_database.cpp">
      <Filter>Source Files\players_database</Filter>
    </ClCompile>
    <ClCompile Include="create_database.cpp">
      <Filter>Source Files\players_database</Filter>
    </ClCompile>
    <ClCompile Include="database_interface.cpp">
      <Filter>Source Files\interface</Filter>
    </ClCompile>
    <ClCompile Include="add_player_to_database.cpp">
      <Filter>Source Files\players_database</Filter>
    </ClCompile>
    <ClCompile Include="database_functionality.cpp">
      <Filter>Source Files\players_database</Filter>
    </ClCompile>
    <ClCompile Include="delete_player_from_database.cpp">
      <Filter>Source Files\players_database</Filter>
    </ClCompile>
    <ClCompile Include="choose_indexes.cpp">
      <Filter>Source Files\players_database</Filter>
    </ClCompile>
    <ClCompile Include="load_table_from_file.cpp">
      <Filter>Source Files\load_game_from_file</Filter>
    </ClCompile>
    <ClCompile Include="AI2_make_move.cpp">
      <Filter>Source Files\AI</Filter>
    </ClCompile>
    <ClCompile Include="AI1_check_insert_conditions.cpp">
      <Filter>Source Files\AI</Filter>
    </ClCompile>
    <ClCompile Include="AI1_insert_pawn_from_bar.cpp">
      <Filter>Source Files\AI</Filter>
    </ClCompile>
    <ClCompile Include="AI1_take_pawns_off_the_board.cpp">
      <Filter>Source Files\AI</Filter>
    </ClCompile>
    <ClCompile Include="AI1_move_pawn.cpp">
      <Filter>Source Files\AI</Filter>
    </ClCompile>
    <ClCompile Include="visualize_game.cpp">
      <Filter>Source Files\visualize_game</Filter>
    </ClCompile>
    <ClCompile Include="visualization.cpp">
      <Filter>Source Files\visualize_game</Filter>
    </ClCompile>
    <ClCompile Include="visualization_interface.cpp">
      <Filter>Source Files\visualize_game</Filter>
    </ClCompile>
    <ClCompile Include="write_to_file.cpp">
      <Filter>Source Files\write_to_file</Filter>
    </ClCompile>
    <ClCompile Include="AI1_make_move.cpp">
      <Filter>Source Files\AI</Filter>
    </ClCompile>
    <ClCompile Include="AI2_insert_pawn_from_bar.cpp">
      <Filter>Source Files\AI</Filter>
    </ClCompile>
    <ClCompile Include="AI2_check_insert_conditions.cpp">
      <Filter>Source Files\AI</Filter>
    </ClCompile>
    <ClCompile Include="AI2_take_pawns_off_the_board.cpp">
      <Filter>Source Files\AI</Filter>
    </ClCompile>
    <ClCompile Include="AI2_move_pawn.cpp">
      <Filter>Source Files\AI</Filter>
    </ClCompile>
    <ClCompile Include="player_index_to_file.cpp">
      <Filter>Source Files\write_to_file</Filter>
    </ClCompile>
  </ItemGroup>
  <ItemGroup>
    <ClInclude Include="conio.h">
      <Filter>Source Files\conio</Filter>
    </ClInclude>
    <ClInclude Include="functions_definitions.h">
      <Filter>Source Files</Filter>
    </ClInclude>
    <ClInclude Include="AI.h">
      <Filter>Source Files\AI</Filter>
    </ClInclude>
    <ClInclude Include="interfaces.h">
      <Filter>Source Files\interface</Filter>
    </ClInclude>
    <ClInclude Include="board.h">
      <Filter>Source Files\board</Filter>
    </ClInclude>
  </ItemGroup>
</Project>